
Microsoft Visual Studio Solution File, Format Version 12.00
# Visual Studio Version 16
VisualStudioVersion = 16.0.30114.105
MinimumVisualStudioVersion = 10.0.40219.1
Project("{2150E333-8FDC-42A3-9474-1A3956D46DE8}") = "src", "src", "{9B10553B-A4A9-4908-A0A9-1EC0B070955F}"
EndProject
Project("{F2A71F9B-5D33-465A-A702-920D77279786}") = "CineMol", "src\CineMol\CineMol.fsproj", "{0D7596DE-F7B7-4226-B34F-BA67463A0A69}"
EndProject
Global
	GlobalSection(SolutionConfigurationPlatforms) = preSolution
		Debug|Any CPU = Debug|Any CPU
		Release|Any CPU = Release|Any CPU
	EndGlobalSection
	GlobalSection(SolutionProperties) = preSolution
		HideSolutionNode = FALSE
	EndGlobalSection
	GlobalSection(ProjectConfigurationPlatforms) = postSolution
		{0D7596DE-F7B7-4226-B34F-BA67463A0A69}.Debug|Any CPU.ActiveCfg = Debug|Any CPU
		{0D7596DE-F7B7-4226-B34F-BA67463A0A69}.Debug|Any CPU.Build.0 = Debug|Any CPU
		{0D7596DE-F7B7-4226-B34F-BA67463A0A69}.Release|Any CPU.ActiveCfg = Release|Any CPU
		{0D7596DE-F7B7-4226-B34F-BA67463A0A69}.Release|Any CPU.Build.0 = Release|Any CPU
	EndGlobalSection
	GlobalSection(NestedProjects) = preSolution
		{0D7596DE-F7B7-4226-B34F-BA67463A0A69} = {9B10553B-A4A9-4908-A0A9-1EC0B070955F}
	EndGlobalSection
EndGlobal
